// !$*UTF8*$!
{
	archiveVersion = 1;
	classes = {
	};
	objectVersion = 46;
	objects = {

/* Begin PBXBuildFile section */
		BD72CD331AD822F100A5BC02 /* AppDelegate.swift in Sources */ = {isa = PBXBuildFile; fileRef = BD72CD321AD822F100A5BC02 /* AppDelegate.swift */; };
		BD72CD361AD822F100A5BC02 /* AgentFinal.xcdatamodeld in Sources */ = {isa = PBXBuildFile; fileRef = BD72CD341AD822F100A5BC02 /* AgentFinal.xcdatamodeld */; };
		BD72CD381AD822F100A5BC02 /* ViewController.swift in Sources */ = {isa = PBXBuildFile; fileRef = BD72CD371AD822F100A5BC02 /* ViewController.swift */; };
		BD72CD3B1AD822F100A5BC02 /* Main.storyboard in Resources */ = {isa = PBXBuildFile; fileRef = BD72CD391AD822F100A5BC02 /* Main.storyboard */; };
		BD72CD3D1AD822F100A5BC02 /* Images.xcassets in Resources */ = {isa = PBXBuildFile; fileRef = BD72CD3C1AD822F100A5BC02 /* Images.xcassets */; };
		BD72CD401AD822F100A5BC02 /* LaunchScreen.xib in Resources */ = {isa = PBXBuildFile; fileRef = BD72CD3E1AD822F100A5BC02 /* LaunchScreen.xib */; };
		BD72CD4C1AD822F100A5BC02 /* AgentFinalTests.swift in Sources */ = {isa = PBXBuildFile; fileRef = BD72CD4B1AD822F100A5BC02 /* AgentFinalTests.swift */; };
/* End PBXBuildFile section */

/* Begin PBXContainerItemProxy section */
		BD72CD461AD822F100A5BC02 /* PBXContainerItemProxy */ = {
			isa = PBXContainerItemProxy;
			containerPortal = BD72CD251AD822F100A5BC02 /* Project object */;
			proxyType = 1;
			remoteGlobalIDString = BD72CD2C1AD822F100A5BC02;
			remoteInfo = AgentFinal;
		};
/* End PBXContainerItemProxy section */

/* Begin PBXFileReference section */
		BD72CD2D1AD822F100A5BC02 /* AgentFinal.app */ = {isa = PBXFileReference; explicitFileType = wrapper.application; includeInIndex = 0; path = AgentFinal.app; sourceTree = BUILT_PRODUCTS_DIR; };
		BD72CD311AD822F100A5BC02 /* Info.plist */ = {isa = PBXFileReference; lastKnownFileType = text.plist.xml; path = Info.plist; sourceTree = "<group>"; };
		BD72CD321AD822F100A5BC02 /* AppDelegate.swift */ = {isa = PBXFileReference; lastKnownFileType = sourcecode.swift; path = AppDelegate.swift; sourceTree = "<group>"; };
		BD72CD351AD822F100A5BC02 /* AgentFinal.xcdatamodel */ = {isa = PBXFileReference; lastKnownFileType = wrapper.xcdatamodel; path = AgentFinal.xcdatamodel; sourceTree = "<group>"; };
		BD72CD371AD822F100A5BC02 /* ViewController.swift */ = {isa = PBXFileReference; lastKnownFileType = sourcecode.swift; path = ViewController.swift; sourceTree = "<group>"; };
		BD72CD3A1AD822F100A5BC02 /* Base */ = {isa = PBXFileReference; lastKnownFileType = file.storyboard; name = Base; path = Base.lproj/Main.storyboard; sourceTree = "<group>"; };
		BD72CD3C1AD822F100A5BC02 /* Images.xcassets */ = {isa = PBXFileReference; lastKnownFileType = folder.assetcatalog; path = Images.xcassets; sourceTree = "<group>"; };
		BD72CD3F1AD822F100A5BC02 /* Base */ = {isa = PBXFileReference; lastKnownFileType = file.xib; name = Base; path = Base.lproj/LaunchScreen.xib; sourceTree = "<group>"; };
		BD72CD451AD822F100A5BC02 /* AgentFinalTests.xctest */ = {isa = PBXFileReference; explicitFileType = wrapper.cfbundle; includeInIndex = 0; path = AgentFinalTests.xctest; sourceTree = BUILT_PRODUCTS_DIR; };
		BD72CD4A1AD822F100A5BC02 /* Info.plist */ = {isa = PBXFileReference; lastKnownFileType = text.plist.xml; path = Info.plist; sourceTree = "<group>"; };
		BD72CD4B1AD822F100A5BC02 /* AgentFinalTests.swift */ = {isa = PBXFileReference; lastKnownFileType = sourcecode.swift; path = AgentFinalTests.swift; sourceTree = "<group>"; };
/* End PBXFileReference section */

/* Begin PBXFrameworksBuildPhase section */
		BD72CD2A1AD822F100A5BC02 /* Frameworks */ = {
			isa = PBXFrameworksBuildPhase;
			buildActionMask = 2147483647;
			files = (
			);
			runOnlyForDeploymentPostprocessing = 0;
		};
		BD72CD421AD822F100A5BC02 /* Frameworks */ = {
			isa = PBXFrameworksBuildPhase;
			buildActionMask = 2147483647;
			files = (
			);
			runOnlyForDeploymentPostprocessing = 0;
		};
/* End PBXFrameworksBuildPhase section */

/* Begin PBXGroup section */
		BD72CD241AD822F100A5BC02 = {
			isa = PBXGroup;
			children = (
				BD72CD2F1AD822F100A5BC02 /* AgentFinal */,
				BD72CD481AD822F100A5BC02 /* AgentFinalTests */,
				BD72CD2E1AD822F100A5BC02 /* Products */,
			);
			sourceTree = "<group>";
		};
		BD72CD2E1AD822F100A5BC02 /* Products */ = {
			isa = PBXGroup;
			children = (
				BD72CD2D1AD822F100A5BC02 /* AgentFinal.app */,
				BD72CD451AD822F100A5BC02 /* AgentFinalTests.xctest */,
			);
			name = Products;
			sourceTree = "<group>";
		};
		BD72CD2F1AD822F100A5BC02 /* AgentFinal */ = {
			isa = PBXGroup;
			children = (
				BD72CD321AD822F100A5BC02 /* AppDelegate.swift */,
				BD72CD371AD822F100A5BC02 /* ViewController.swift */,
				BD72CD391AD822F100A5BC02 /* Main.storyboard */,
				BD72CD3C1AD822F100A5BC02 /* Images.xcassets */,
				BD72CD3E1AD822F100A5BC02 /* LaunchScreen.xib */,
				BD72CD341AD822F100A5BC02 /* AgentFinal.xcdatamodeld */,
				BD72CD301AD822F100A5BC02 /* Supporting Files */,
			);
			path = AgentFinal;
			sourceTree = "<group>";
		};
		BD72CD301AD822F100A5BC02 /* Supporting Files */ = {
			isa = PBXGroup;
			children = (
				BD72CD311AD822F100A5BC02 /* Info.plist */,
			);
			name = "Supporting Files";
			sourceTree = "<group>";
		};
		BD72CD481AD822F100A5BC02 /* AgentFinalTests */ = {
			isa = PBXGroup;
			children = (
				BD72CD4B1AD822F100A5BC02 /* AgentFinalTests.swift */,
				BD72CD491AD822F100A5BC02 /* Supporting Files */,
			);
			path = AgentFinalTests;
			sourceTree = "<group>";
		};
		BD72CD491AD822F100A5BC02 /* Supporting Files */ = {
			isa = PBXGroup;
			children = (
				BD72CD4A1AD822F100A5BC02 /* Info.plist */,
			);
			name = "Supporting Files";
			sourceTree = "<group>";
		};
/* End PBXGroup section */

/* Begin PBXNativeTarget section */
		BD72CD2C1AD822F100A5BC02 /* AgentFinal */ = {
			isa = PBXNativeTarget;
			buildConfigurationList = BD72CD4F1AD822F100A5BC02 /* Build configuration list for PBXNativeTarget "AgentFinal" */;
			buildPhases = (
				BD72CD291AD822F100A5BC02 /* Sources */,
				BD72CD2A1AD822F100A5BC02 /* Frameworks */,
				BD72CD2B1AD822F100A5BC02 /* Resources */,
			);
			buildRules = (
			);
			dependencies = (
			);
			name = AgentFinal;
			productName = AgentFinal;
			productReference = BD72CD2D1AD822F100A5BC02 /* AgentFinal.app */;
			productType = "com.apple.product-type.application";
		};
		BD72CD441AD822F100A5BC02 /* AgentFinalTests */ = {
			isa = PBXNativeTarget;
			buildConfigurationList = BD72CD521AD822F100A5BC02 /* Build configuration list for PBXNativeTarget "AgentFinalTests" */;
			buildPhases = (
				BD72CD411AD822F100A5BC02 /* Sources */,
				BD72CD421AD822F100A5BC02 /* Frameworks */,
				BD72CD431AD822F100A5BC02 /* Resources */,
			);
			buildRules = (
			);
			dependencies = (
				BD72CD471AD822F100A5BC02 /* PBXTargetDependency */,
			);
			name = AgentFinalTests;
			productName = AgentFinalTests;
			productReference = BD72CD451AD822F100A5BC02 /* AgentFinalTests.xctest */;
			productType = "com.apple.product-type.bundle.unit-test";
		};
/* End PBXNativeTarget section */

/* Begin PBXProject section */
		BD72CD251AD822F100A5BC02 /* Project object */ = {
			isa = PBXProject;
			attributes = {
				LastUpgradeCheck = 0610;
				ORGANIZATIONNAME = "Andrew Rodriguez";
				TargetAttributes = {
					BD72CD2C1AD822F100A5BC02 = {
						CreatedOnToolsVersion = 6.1.1;
					};
					BD72CD441AD822F100A5BC02 = {
						CreatedOnToolsVersion = 6.1.1;
						TestTargetID = BD72CD2C1AD822F100A5BC02;
					};
				};
			};
			buildConfigurationList = BD72CD281AD822F100A5BC02 /* Build configuration list for PBXProject "AgentFinal" */;
			compatibilityVersion = "Xcode 3.2";
			developmentRegion = English;
			hasScannedForEncodings = 0;
			knownRegions = (
				en,
				Base,
			);
			mainGroup = BD72CD241AD822F100A5BC02;
			productRefGroup = BD72CD2E1AD822F100A5BC02 /* Products */;
			projectDirPath = "";
			projectRoot = "";
			targets = (
				BD72CD2C1AD822F100A5BC02 /* AgentFinal */,
				BD72CD441AD822F100A5BC02 /* AgentFinalTests */,
			);
		};
/* End PBXProject section */

/* Begin PBXResourcesBuildPhase section */
		BD72CD2B1AD822F100A5BC02 /* Resources */ = {
			isa = PBXResourcesBuildPhase;
			buildActionMask = 2147483647;
			files = (
				BD72CD3B1AD822F100A5BC02 /* Main.storyboard in Resources */,
				BD72CD401AD822F100A5BC02 /* LaunchScreen.xib in Resources */,
				BD72CD3D1AD822F100A5BC02 /* Images.xcassets in Resources */,
			);
			runOnlyForDeploymentPostprocessing = 0;
		};
		BD72CD431AD822F100A5BC02 /* Resources */ = {
			isa = PBXResourcesBuildPhase;
			buildActionMask = 2147483647;
			files = (
			);
			runOnlyForDeploymentPostprocessing = 0;
		};
/* End PBXResourcesBuildPhase section */

/* Begin PBXSourcesBuildPhase section */
		BD72CD291AD822F100A5BC02 /* Sources */ = {
			isa = PBXSourcesBuildPhase;
			buildActionMask = 2147483647;
			files = (
				BD72CD381AD822F100A5BC02 /* ViewController.swift in Sources */,
				BD72CD361AD822F100A5BC02 /* AgentFinal.xcdatamodeld in Sources */,
				BD72CD331AD822F100A5BC02 /* AppDelegate.swift in Sources */,
			);
			runOnlyForDeploymentPostprocessing = 0;
		};
		BD72CD411AD822F100A5BC02 /* Sources */ = {
			isa = PBXSourcesBuildPhase;
			buildActionMask = 2147483647;
			files = (
				BD72CD4C1AD822F100A5BC02 /* AgentFinalTests.swift in Sources */,
			);
			runOnlyForDeploymentPostprocessing = 0;
		};
/* End PBXSourcesBuildPhase section */

/* Begin PBXTargetDependency section */
		BD72CD471AD822F100A5BC02 /* PBXTargetDependency */ = {
			isa = PBXTargetDependency;
			target = BD72CD2C1AD822F100A5BC02 /* AgentFinal */;
			targetProxy = BD72CD461AD822F100A5BC02 /* PBXContainerItemProxy */;
		};
/* End PBXTargetDependency section */

/* Begin PBXVariantGroup section */
		BD72CD391AD822F100A5BC02 /* Main.storyboard */ = {
			isa = PBXVariantGroup;
			children = (
				BD72CD3A1AD822F100A5BC02 /* Base */,
			);
			name = Main.storyboard;
			sourceTree = "<group>";
		};
		BD72CD3E1AD822F100A5BC02 /* LaunchScreen.xib */ = {
			isa = PBXVariantGroup;
			children = (
				BD72CD3F1AD822F100A5BC02 /* Base */,
			);
			name = LaunchScreen.xib;
			sourceTree = "<group>";
		};
/* End PBXVariantGroup section */

/* Begin XCBuildConfiguration section */
		BD72CD4D1AD822F100A5BC02 /* Debug */ = {
			isa = XCBuildConfiguration;
			buildSettings = {
				ALWAYS_SEARCH_USER_PATHS = NO;
				CLANG_CXX_LANGUAGE_STANDARD = "gnu++0x";
				CLANG_CXX_LIBRARY = "libc++";
				CLANG_ENABLE_MODULES = YES;
				CLANG_ENABLE_OBJC_ARC = YES;
				CLANG_WARN_BOOL_CONVERSION = YES;
				CLANG_WARN_CONSTANT_CONVERSION = YES;
				CLANG_WARN_DIRECT_OBJC_ISA_USAGE = YES_ERROR;
				CLANG_WARN_EMPTY_BODY = YES;
				CLANG_WARN_ENUM_CONVERSION = YES;
				CLANG_WARN_INT_CONVERSION = YES;
				CLANG_WARN_OBJC_ROOT_CLASS = YES_ERROR;
				CLANG_WARN_UNREACHABLE_CODE = YES;
				CLANG_WARN__DUPLICATE_METHOD_MATCH = YES;
				"CODE_SIGN_IDENTITY[sdk=iphoneos*]" = "iPhone Developer";
				COPY_PHASE_STRIP = NO;
				ENABLE_STRICT_OBJC_MSGSEND = YES;
				GCC_C_LANGUAGE_STANDARD = gnu99;
				GCC_DYNAMIC_NO_PIC = NO;
				GCC_OPTIMIZATION_LEVEL = 0;
				GCC_PREPROCESSOR_DEFINITIONS = (
					"DEBUG=1",
					"$(inherited)",
				);
				GCC_SYMBOLS_PRIVATE_EXTERN = NO;
				GCC_WARN_64_TO_32_BIT_CONVERSION = YES;
				GCC_WARN_ABOUT_RETURN_TYPE = YES_ERROR;
				GCC_WARN_UNDECLARED_SELECTOR = YES;
				GCC_WARN_UNINITIALIZED_AUTOS = YES_AGGRESSIVE;
				GCC_WARN_UNUSED_FUNCTION = YES;
				GCC_WARN_UNUSED_VARIABLE = YES;
				IPHONEOS_DEPLOYMENT_TARGET = 8.1;
				MTL_ENABLE_DEBUG_INFO = YES;
				ONLY_ACTIVE_ARCH = YES;
				SDKROOT = iphoneos;
				SWIFT_OPTIMIZATION_LEVEL = "-Onone";
				TARGETED_DEVICE_FAMILY = "1,2";
			};
			name = Debug;
		};
		BD72CD4E1AD822F100A5BC02 /* Release */ = {
			isa = XCBuildConfiguration;
			buildSettings = {
				ALWAYS_SEARCH_USER_PATHS = NO;
				CLANG_CXX_LANGUAGE_STANDARD = "gnu++0x";
				CLANG_CXX_LIBRARY = "libc++";
				CLANG_ENABLE_MODULES = YES;
				CLANG_ENABLE_OBJC_ARC = YES;
				CLANG_WARN_BOOL_CONVERSION = YES;
				CLANG_WARN_CONSTANT_CONVERSION = YES;
				CLANG_WARN_DIRECT_OBJC_ISA_USAGE = YES_ERROR;
				CLANG_WARN_EMPTY_BODY = YES;
				CLANG_WARN_ENUM_CONVERSION = YES;
				CLANG_WARN_INT_CONVERSION = YES;
				CLANG_WARN_OBJC_ROOT_CLASS = YES_ERROR;
				CLANG_WARN_UNREACHABLE_CODE = YES;
				CLANG_WARN__DUPLICATE_METHOD_MATCH = YES;
				"CODE_SIGN_IDENTITY[sdk=iphoneos*]" = "iPhone Developer";
				COPY_PHASE_STRIP = YES;
				ENABLE_NS_ASSERTIONS = NO;
				ENABLE_STRICT_OBJC_MSGSEND = YES;
				GCC_C_LANGUAGE_STANDARD = gnu99;
				GCC_WARN_64_TO_32_BIT_CONVERSION = YES;
				GCC_WARN_ABOUT_RETURN_TYPE = YES_ERROR;
				GCC_WARN_UNDECLARED_SELECTOR = YES;
				GCC_WARN_UNINITIALIZED_AUTOS = YES_AGGRESSIVE;
				GCC_WARN_UNUSED_FUNCTION = YES;
				GCC_WARN_UNUSED_VARIABLE = YES;
				IPHONEOS_DEPLOYMENT_TARGET = 8.1;
				MTL_ENABLE_DEBUG_INFO = NO;
				SDKROOT = iphoneos;
				TARGETED_DEVICE_FAMILY = "1,2";
				VALIDATE_PRODUCT = YES;
			};
			name = Release;
		};
		BD72CD501AD822F100A5BC02 /* Debug */ = {
			isa = XCBuildConfiguration;
			buildSettings = {
				ASSETCATALOG_COMPILER_APPICON_NAME = AppIcon;
				INFOPLIST_FILE = AgentFinal/Info.plist;
				LD_RUNPATH_SEARCH_PATHS = "$(inherited) @executable_path/Frameworks";
				PRODUCT_NAME = "$(TARGET_NAME)";
			};
			name = Debug;
		};
		BD72CD511AD822F100A5BC02 /* Release */ = {
			isa = XCBuildConfiguration;
			buildSettings = {
				ASSETCATALOG_COMPILER_APPICON_NAME = AppIcon;
				INFOPLIST_FILE = AgentFinal/Info.plist;
				LD_RUNPATH_SEARCH_PATHS = "$(inherited) @executable_path/Frameworks";
				PRODUCT_NAME = "$(TARGET_NAME)";
			};
			name = Release;
		};
		BD72CD531AD822F100A5BC02 /* Debug */ = {
			isa = XCBuildConfiguration;
			buildSettings = {
				BUNDLE_LOADER = "$(TEST_HOST)";
				FRAMEWORK_SEARCH_PATHS = (
					"$(SDKROOT)/Developer/Library/Frameworks",
					"$(inherited)",
				);
				GCC_PREPROCESSOR_DEFINITIONS = (
					"DEBUG=1",
					"$(inherited)",
				);
				INFOPLIST_FILE = AgentFinalTests/Info.plist;
				LD_RUNPATH_SEARCH_PATHS = "$(inherited) @executable_path/Frameworks @loader_path/Frameworks";
				PRODUCT_NAME = "$(TARGET_NAME)";
				TEST_HOST = "$(BUILT_PRODUCTS_DIR)/AgentFinal.app/AgentFinal";
			};
			name = Debug;
		};
		BD72CD541AD822F100A5BC02 /* Release */ = {
			isa = XCBuildConfiguration;
			buildSettings = {
				BUNDLE_LOADER = "$(TEST_HOST)";
				FRAMEWORK_SEARCH_PATHS = (
					"$(SDKROOT)/Developer/Library/Frameworks",
					"$(inherited)",
				);
				INFOPLIST_FILE = AgentFinalTests/Info.plist;
				LD_RUNPATH_SEARCH_PATHS = "$(inherited) @executable_path/Frameworks @loader_path/Frameworks";
				PRODUCT_NAME = "$(TARGET_NAME)";
				TEST_HOST = "$(BUILT_PRODUCTS_DIR)/AgentFinal.app/AgentFinal";
			};
			name = Release;
		};
/* End XCBuildConfiguration section */

/* Begin XCConfigurationList section */
		BD72CD281AD822F100A5BC02 /* Build configuration list for PBXProject "AgentFinal" */ = {
			isa = XCConfigurationList;
			buildConfigurations = (
				BD72CD4D1AD822F100A5BC02 /* Debug */,
				BD72CD4E1AD822F100A5BC02 /* Release */,
			);
			defaultConfigurationIsVisible = 0;
			defaultConfigurationName = Release;
		};
		BD72CD4F1AD822F100A5BC02 /* Build configuration list for PBXNativeTarget "AgentFinal" */ = {
			isa = XCConfigurationList;
			buildConfigurations = (
				BD72CD501AD822F100A5BC02 /* Debug */,
				BD72CD511AD822F100A5BC02 /* Release */,
			);
			defaultConfigurationIsVisible = 0;
		};
		BD72CD521AD822F100A5BC02 /* Build configuration list for PBXNativeTarget "AgentFinalTests" */ = {
			isa = XCConfigurationList;
			buildConfigurations = (
				BD72CD531AD822F100A5BC02 /* Debug */,
				BD72CD541AD822F100A5BC02 /* Release */,
			);
			defaultConfigurationIsVisible = 0;
		};
/* End XCConfigurationList section */

/* Begin XCVersionGroup section */
		BD72CD341AD822F100A5BC02 /* AgentFinal.xcdatamodeld */ = {
			isa = XCVersionGroup;
			children = (
				BD72CD351AD822F100A5BC02 /* AgentFinal.xcdatamodel */,
			);
			currentVersion = BD72CD351AD822F100A5BC02 /* AgentFinal.xcdatamodel */;
			path = AgentFinal.xcdatamodeld;
			sourceTree = "<group>";
			versionGroupType = wrapper.xcdatamodel;
		};
/* End XCVersionGroup section */
	};
	rootObject = BD72CD251AD822F100A5BC02 /* Project object */;
}
